
Microsoft Visual Studio Solution File, Format Version 12.00
# Visual Studio Version 17
VisualStudioVersion = 17.5.002.0
MinimumVisualStudioVersion = 10.0.40219.1
Project("{9A19103F-16F7-4668-BE54-9A1E7A4F7556}") = "002_7-Messages-CSharp", "002_7-Messages-CSharp.csproj", "{C51DF920-F42C-40ED-AEEA-5CBD8CEA31BE}"
EndProject
Global
	GlobalSection(SolutionConfigurationPlatforms) = preSolution
		Debug|Any CPU = Debug|Any CPU
		Release|Any CPU = Release|Any CPU
	EndGlobalSection
	GlobalSection(ProjectConfigurationPlatforms) = postSolution
		{C51DF920-F42C-40ED-AEEA-5CBD8CEA31BE}.Debug|Any CPU.ActiveCfg = Debug|Any CPU
		{C51DF920-F42C-40ED-AEEA-5CBD8CEA31BE}.Debug|Any CPU.Build.0 = Debug|Any CPU
		{C51DF920-F42C-40ED-AEEA-5CBD8CEA31BE}.Release|Any CPU.ActiveCfg = Release|Any CPU
		{C51DF920-F42C-40ED-AEEA-5CBD8CEA31BE}.Release|Any CPU.Build.0 = Release|Any CPU
	EndGlobalSection
	GlobalSection(SolutionProperties) = preSolution
		HideSolutionNode = FALSE
	EndGlobalSection
	GlobalSection(ExtensibilityGlobals) = postSolution
		SolutionGuid = {C88D64C5-9EDB-48E0-8E53-2E3436E8C4E0}
	EndGlobalSection
EndGlobal
